
Microsoft Visual Studio Solution File, Format Version 12.00
# Visual Studio Version 17
VisualStudioVersion = 17.14.36930.0 d17.14
MinimumVisualStudioVersion = 10.0.40219.1
Project("{FAE04EC0-301F-11D3-BF4B-00C04F79EFBC}") = "Library.MVC", "Library.MVC\Library.MVC.csproj", "{40E0452C-7F00-48E5-A79F-123313EAC75E}"
EndProject
Project("{FAE04EC0-301F-11D3-BF4B-00C04F79EFBC}") = "Library.Tests", "Library.Tests\Library.Tests.csproj", "{D2C3DA6C-31F2-4A5F-A1E1-7B26DA94D3BB}"
EndProject
Project("{FAE04EC0-301F-11D3-BF4B-00C04F79EFBC}") = "Library.Domain", "Library.Domain\Library.Domain.csproj", "{20E3A985-7EFF-4878-9147-F24CDCBAD26A}"
EndProject
Global
	GlobalSection(SolutionConfigurationPlatforms) = preSolution
		Debug|Any CPU = Debug|Any CPU
		Release|Any CPU = Release|Any CPU
	EndGlobalSection
	GlobalSection(ProjectConfigurationPlatforms) = postSolution
		{40E0452C-7F00-48E5-A79F-123313EAC75E}.Debug|Any CPU.ActiveCfg = Debug|Any CPU
		{40E0452C-7F00-48E5-A79F-123313EAC75E}.Debug|Any CPU.Build.0 = Debug|Any CPU
		{40E0452C-7F00-48E5-A79F-123313EAC75E}.Release|Any CPU.ActiveCfg = Release|Any CPU
		{40E0452C-7F00-48E5-A79F-123313EAC75E}.Release|Any CPU.Build.0 = Release|Any CPU
		{D2C3DA6C-31F2-4A5F-A1E1-7B26DA94D3BB}.Debug|Any CPU.ActiveCfg = Debug|Any CPU
		{D2C3DA6C-31F2-4A5F-A1E1-7B26DA94D3BB}.Debug|Any CPU.Build.0 = Debug|Any CPU
		{D2C3DA6C-31F2-4A5F-A1E1-7B26DA94D3BB}.Release|Any CPU.ActiveCfg = Release|Any CPU
		{D2C3DA6C-31F2-4A5F-A1E1-7B26DA94D3BB}.Release|Any CPU.Build.0 = Release|Any CPU
		{20E3A985-7EFF-4878-9147-F24CDCBAD26A}.Debug|Any CPU.ActiveCfg = Debug|Any CPU
		{20E3A985-7EFF-4878-9147-F24CDCBAD26A}.Debug|Any CPU.Build.0 = Debug|Any CPU
		{20E3A985-7EFF-4878-9147-F24CDCBAD26A}.Release|Any CPU.ActiveCfg = Release|Any CPU
		{20E3A985-7EFF-4878-9147-F24CDCBAD26A}.Release|Any CPU.Build.0 = Release|Any CPU
	EndGlobalSection
	GlobalSection(SolutionProperties) = preSolution
		HideSolutionNode = FALSE
	EndGlobalSection
	GlobalSection(ExtensibilityGlobals) = postSolution
		SolutionGuid = {5EB96E88-F278-428B-8982-DE854C8C9906}
	EndGlobalSection
EndGlobal
